
Microsoft Visual Studio Solution File, Format Version 12.00
# Visual Studio 15
VisualStudioVersion = 15.0.27703.2042
MinimumVisualStudioVersion = 10.0.40219.1
Project("{8BC9CEB8-8B4A-11D0-8D11-00A0C91BC942}") = "multidimensional-array", "multidimensional-array\multidimensional-array.vcxproj", "{94155ABF-A2AB-42B4-826E-013662D2576B}"
EndProject
Global
	GlobalSection(SolutionConfigurationPlatforms) = preSolution
		Debug|x64 = Debug|x64
		Debug|x86 = Debug|x86
		Release|x64 = Release|x64
		Release|x86 = Release|x86
	EndGlobalSection
	GlobalSection(ProjectConfigurationPlatforms) = postSolution
		{94155ABF-A2AB-42B4-826E-013662D2576B}.Debug|x64.ActiveCfg = Debug|x64
		{94155ABF-A2AB-42B4-826E-013662D2576B}.Debug|x64.Build.0 = Debug|x64
		{94155ABF-A2AB-42B4-826E-013662D2576B}.Debug|x86.ActiveCfg = Debug|Win32
		{94155ABF-A2AB-42B4-826E-013662D2576B}.Debug|x86.Build.0 = Debug|Win32
		{94155ABF-A2AB-42B4-826E-013662D2576B}.Release|x64.ActiveCfg = Release|x64
		{94155ABF-A2AB-42B4-826E-013662D2576B}.Release|x64.Build.0 = Release|x64
		{94155ABF-A2AB-42B4-826E-013662D2576B}.Release|x86.ActiveCfg = Release|Win32
		{94155ABF-A2AB-42B4-826E-013662D2576B}.Release|x86.Build.0 = Release|Win32
	EndGlobalSection
	GlobalSection(SolutionProperties) = preSolution
		HideSolutionNode = FALSE
	EndGlobalSection
	GlobalSection(ExtensibilityGlobals) = postSolution
		SolutionGuid = {7FCA4A53-41E2-4381-8EF2-BD4F1F73B9A1}
	EndGlobalSection
EndGlobal
